
Microsoft Visual Studio Solution File, Format Version 12.00
# Visual Studio Version 16
VisualStudioVersion = 16.0.31205.134
MinimumVisualStudioVersion = 10.0.40219.1
Project("{8BC9CEB8-8B4A-11D0-8D11-00A0C91BC942}") = "HolaMundo", "HolaMundo\HolaMundo.vcxproj", "{3EB101B7-1CB9-4FD4-B004-D141974763D4}"
EndProject
Project("{2150E333-8FDC-42A3-9474-1A3956D46DE8}") = "Semana1", "Semana1", "{EB5BD597-CB80-4FF7-A603-391575DA14DA}"
EndProject
Project("{2150E333-8FDC-42A3-9474-1A3956D46DE8}") = "Semana2", "Semana2", "{23280BD4-D1F2-44DF-96A9-A4AFD32B4E08}"
EndProject
Project("{8BC9CEB8-8B4A-11D0-8D11-00A0C91BC942}") = "AdivinaMiNumero", "AdivinaMiNumero\AdivinaMiNumero.vcxproj", "{E79EC0A3-8C5B-44CD-B23A-21813CF1B025}"
EndProject
Project("{8BC9CEB8-8B4A-11D0-8D11-00A0C91BC942}") = "EjemploClase", "EjemploClase\EjemploClase.vcxproj", "{03B353C9-7E01-41E7-A6E4-1C7E2E394C44}"
EndProject
Project("{8BC9CEB8-8B4A-11D0-8D11-00A0C91BC942}") = "EjemploRacional", "EjemploRacional\EjemploRacional.vcxproj", "{E167B8A9-906A-4A69-9846-5B45B6C99DD1}"
EndProject
Project("{2150E333-8FDC-42A3-9474-1A3956D46DE8}") = "Semana3", "Semana3", "{8E4B4C00-C4A1-48F9-B899-9F9D5B66881A}"
EndProject
Project("{8BC9CEB8-8B4A-11D0-8D11-00A0C91BC942}") = "EjemploSobrecargaOperadorByte", "EjemploSobrecargaOperadorByte\EjemploSobrecargaOperadorByte.vcxproj", "{D5DC1055-2FB8-4307-A61D-41D2DAC04647}"
EndProject
Global
	GlobalSection(SolutionConfigurationPlatforms) = preSolution
		Debug|x64 = Debug|x64
		Debug|x86 = Debug|x86
		Release|x64 = Release|x64
		Release|x86 = Release|x86
	EndGlobalSection
	GlobalSection(ProjectConfigurationPlatforms) = postSolution
		{3EB101B7-1CB9-4FD4-B004-D141974763D4}.Debug|x64.ActiveCfg = Debug|x64
		{3EB101B7-1CB9-4FD4-B004-D141974763D4}.Debug|x64.Build.0 = Debug|x64
		{3EB101B7-1CB9-4FD4-B004-D141974763D4}.Debug|x86.ActiveCfg = Debug|Win32
		{3EB101B7-1CB9-4FD4-B004-D141974763D4}.Debug|x86.Build.0 = Debug|Win32
		{3EB101B7-1CB9-4FD4-B004-D141974763D4}.Release|x64.ActiveCfg = Release|x64
		{3EB101B7-1CB9-4FD4-B004-D141974763D4}.Release|x64.Build.0 = Release|x64
		{3EB101B7-1CB9-4FD4-B004-D141974763D4}.Release|x86.ActiveCfg = Release|Win32
		{3EB101B7-1CB9-4FD4-B004-D141974763D4}.Release|x86.Build.0 = Release|Win32
		{E79EC0A3-8C5B-44CD-B23A-21813CF1B025}.Debug|x64.ActiveCfg = Debug|x64
		{E79EC0A3-8C5B-44CD-B23A-21813CF1B025}.Debug|x64.Build.0 = Debug|x64
		{E79EC0A3-8C5B-44CD-B23A-21813CF1B025}.Debug|x86.ActiveCfg = Debug|Win32
		{E79EC0A3-8C5B-44CD-B23A-21813CF1B025}.Debug|x86.Build.0 = Debug|Win32
		{E79EC0A3-8C5B-44CD-B23A-21813CF1B025}.Release|x64.ActiveCfg = Release|x64
		{E79EC0A3-8C5B-44CD-B23A-21813CF1B025}.Release|x64.Build.0 = Release|x64
		{E79EC0A3-8C5B-44CD-B23A-21813CF1B025}.Release|x86.ActiveCfg = Release|Win32
		{E79EC0A3-8C5B-44CD-B23A-21813CF1B025}.Release|x86.Build.0 = Release|Win32
		{03B353C9-7E01-41E7-A6E4-1C7E2E394C44}.Debug|x64.ActiveCfg = Debug|x64
		{03B353C9-7E01-41E7-A6E4-1C7E2E394C44}.Debug|x64.Build.0 = Debug|x64
		{03B353C9-7E01-41E7-A6E4-1C7E2E394C44}.Debug|x86.ActiveCfg = Debug|Win32
		{03B353C9-7E01-41E7-A6E4-1C7E2E394C44}.Debug|x86.Build.0 = Debug|Win32
		{03B353C9-7E01-41E7-A6E4-1C7E2E394C44}.Release|x64.ActiveCfg = Release|x64
		{03B353C9-7E01-41E7-A6E4-1C7E2E394C44}.Release|x64.Build.0 = Release|x64
		{03B353C9-7E01-41E7-A6E4-1C7E2E394C44}.Release|x86.ActiveCfg = Release|Win32
		{03B353C9-7E01-41E7-A6E4-1C7E2E394C44}.Release|x86.Build.0 = Release|Win32
		{E167B8A9-906A-4A69-9846-5B45B6C99DD1}.Debug|x64.ActiveCfg = Debug|x64
		{E167B8A9-906A-4A69-9846-5B45B6C99DD1}.Debug|x64.Build.0 = Debug|x64
		{E167B8A9-906A-4A69-9846-5B45B6C99DD1}.Debug|x86.ActiveCfg = Debug|Win32
		{E167B8A9-906A-4A69-9846-5B45B6C99DD1}.Debug|x86.Build.0 = Debug|Win32
		{E167B8A9-906A-4A69-9846-5B45B6C99DD1}.Release|x64.ActiveCfg = Release|x64
		{E167B8A9-906A-4A69-9846-5B45B6C99DD1}.Release|x64.Build.0 = Release|x64
		{E167B8A9-906A-4A69-9846-5B45B6C99DD1}.Release|x86.ActiveCfg = Release|Win32
		{E167B8A9-906A-4A69-9846-5B45B6C99DD1}.Release|x86.Build.0 = Release|Win32
		{D5DC1055-2FB8-4307-A61D-41D2DAC04647}.Debug|x64.ActiveCfg = Debug|x64
		{D5DC1055-2FB8-4307-A61D-41D2DAC04647}.Debug|x64.Build.0 = Debug|x64
		{D5DC1055-2FB8-4307-A61D-41D2DAC04647}.Debug|x86.ActiveCfg = Debug|Win32
		{D5DC1055-2FB8-4307-A61D-41D2DAC04647}.Debug|x86.Build.0 = Debug|Win32
		{D5DC1055-2FB8-4307-A61D-41D2DAC04647}.Release|x64.ActiveCfg = Release|x64
		{D5DC1055-2FB8-4307-A61D-41D2DAC04647}.Release|x64.Build.0 = Release|x64
		{D5DC1055-2FB8-4307-A61D-41D2DAC04647}.Release|x86.ActiveCfg = Release|Win32
		{D5DC1055-2FB8-4307-A61D-41D2DAC04647}.Release|x86.Build.0 = Release|Win32
	EndGlobalSection
	GlobalSection(SolutionProperties) = preSolution
		HideSolutionNode = FALSE
	EndGlobalSection
	GlobalSection(NestedProjects) = preSolution
		{3EB101B7-1CB9-4FD4-B004-D141974763D4} = {EB5BD597-CB80-4FF7-A603-391575DA14DA}
		{E79EC0A3-8C5B-44CD-B23A-21813CF1B025} = {23280BD4-D1F2-44DF-96A9-A4AFD32B4E08}
		{03B353C9-7E01-41E7-A6E4-1C7E2E394C44} = {23280BD4-D1F2-44DF-96A9-A4AFD32B4E08}
		{E167B8A9-906A-4A69-9846-5B45B6C99DD1} = {23280BD4-D1F2-44DF-96A9-A4AFD32B4E08}
		{D5DC1055-2FB8-4307-A61D-41D2DAC04647} = {8E4B4C00-C4A1-48F9-B899-9F9D5B66881A}
	EndGlobalSection
	GlobalSection(ExtensibilityGlobals) = postSolution
		SolutionGuid = {4B7113CA-8A90-4391-A08B-DB841C46B335}
	EndGlobalSection
EndGlobal
